
Microsoft Visual Studio Solution File, Format Version 12.00
# Visual Studio Version 16
VisualStudioVersion = 16.0.30804.86
MinimumVisualStudioVersion = 10.0.40219.1
Project("{FAE04EC0-301F-11D3-BF4B-00C04F79EFBC}") = "AcornsAPI", "AcornsAPI\AcornsAPI.csproj", "{246B9FE7-7CFC-4507-94FC-6C1EC2767ED3}"
EndProject
Global
	GlobalSection(SolutionConfigurationPlatforms) = preSolution
		Debug|Any CPU = Debug|Any CPU
		Release|Any CPU = Release|Any CPU
	EndGlobalSection
	GlobalSection(ProjectConfigurationPlatforms) = postSolution
		{246B9FE7-7CFC-4507-94FC-6C1EC2767ED3}.Debug|Any CPU.ActiveCfg = Debug|Any CPU
		{246B9FE7-7CFC-4507-94FC-6C1EC2767ED3}.Debug|Any CPU.Build.0 = Debug|Any CPU
		{246B9FE7-7CFC-4507-94FC-6C1EC2767ED3}.Release|Any CPU.ActiveCfg = Release|Any CPU
		{246B9FE7-7CFC-4507-94FC-6C1EC2767ED3}.Release|Any CPU.Build.0 = Release|Any CPU
	EndGlobalSection
	GlobalSection(SolutionProperties) = preSolution
		HideSolutionNode = FALSE
	EndGlobalSection
	GlobalSection(ExtensibilityGlobals) = postSolution
		SolutionGuid = {B66D3FFF-6358-4293-806E-2B16BD828589}
	EndGlobalSection
EndGlobal
